# THIS IS AN AUTOGENERATED FILE. DO NOT EDIT THIS FILE DIRECTLY.
# yarn lockfile v1


async-validator@^1.6.6:
  version "1.6.6"
  resolved "http://registry.npm.taobao.org/async-validator/download/async-validator-1.6.6.tgz#12e895ffaaadd5b9a8faf8be1b07cdd930674fa2"

babel-helper-vue-jsx-merge-props@^2.0.0:
  version "2.0.2"
  resolved "http://registry.npm.taobao.org/babel-helper-vue-jsx-merge-props/download/babel-helper-vue-jsx-merge-props-2.0.2.tgz#aceb1c373588279e2755ea1cfd35c22394fd33f8"

deepmerge@^1.2.0:
  version "1.3.0"
  resolved "http://registry.npm.taobao.org/deepmerge/download/deepmerge-1.3.0.tgz#768379894ab39d79c9d7d82ca7150a5f03c09a0a"

element-ui@^1.0.2:
  version "1.0.2"
  resolved "http://registry.npm.taobao.org/element-ui/download/element-ui-1.0.2.tgz#fae13c93508454e6bded515fb911815fdc78c425"
  dependencies:
    async-validator "^1.6.6"
    babel-helper-vue-jsx-merge-props "^2.0.0"
    deepmerge "^1.2.0"
    throttle-debounce "^1.0.1"
    vue-popup "^0.2.12"
    wind-dom "0.0.3"

throttle-debounce@^1.0.1:
  version "1.0.1"
  resolved "http://registry.npm.taobao.org/throttle-debounce/download/throttle-debounce-1.0.1.tgz#dad0fe130f9daf3719fdea33dc36a8e6ba7f30b5"

vue-popup@^0.2.12:
  version "0.2.12"
  resolved "http://registry.npm.taobao.org/vue-popup/download/vue-popup-0.2.12.tgz#61a504883cf4ad69ce83e8a16f0a53f0d58bf738"
  dependencies:
    wind-dom "0.0.3"

vue-resource@^1.0.3:
  version "1.0.3"
  resolved "http://registry.npm.taobao.org/vue-resource/download/vue-resource-1.0.3.tgz#8d52d0d8a9ed5f2ae704c68d530c84ceaf97be14"

vue-router@^2.0.3:
  version "2.0.3"
  resolved "http://registry.npm.taobao.org/vue-router/download/vue-router-2.0.3.tgz#444e246fd42d65a34dea6c3be8fde3315c4ba6f7"

vue@^2.0.8:
  version "2.0.8"
  resolved "http://registry.npm.taobao.org/vue/download/vue-2.0.8.tgz#bbc191db5e1442f208604f994f03e49ac09e69d2"

vuex@^2.0.0:
  version "2.0.0"
  resolved "http://registry.npm.taobao.org/vuex/download/vuex-2.0.0.tgz#26befa44de220f009e432d1027487bff29571cee"

wind-dom@0.0.3:
  version "0.0.3"
  resolved "http://registry.npm.taobao.org/wind-dom/download/wind-dom-0.0.3.tgz#3456e3d959dbebdcbf76ca68c6a4e8142f26360f"
